<?xml version="1.0" encoding="utf-8"?>
<Project ToolsVersion="17.0" xmlns="http://schemas.microsoft.com/developer/msbuild/2003">
  <ItemGroup>
    <CustomBuild Include="G:\Development\Projects\TapBlazeTest\proj.win32\CMakeFiles\bcc081fd40b93cf7a3e0bc03fcef5934\SYNC_RESOURCE-TapBlazeTest.rule">
      <Filter>CMake Rules</Filter>
    </CustomBuild>
    <CustomBuild Include="G:\Development\Projects\TapBlazeTest\CMakeLists.txt" />
  </ItemGroup>
  <ItemGroup>
    <None Include="G:\Development\Projects\TapBlazeTest\proj.win32\CMakeFiles\SYNC_RESOURCE-TapBlazeTest" />
  </ItemGroup>
  <ItemGroup>
    <Filter Include="CMake Rules">
      <UniqueIdentifier>{77D0598A-7FB5-38FC-AFCA-5CE427B037B7}</UniqueIdentifier>
    </Filter>
  </ItemGroup>
</Project>
